
Microsoft Visual Studio Solution File, Format Version 12.00
# Visual Studio Version 17
VisualStudioVersion = 17.0.31903.59
MinimumVisualStudioVersion = 10.0.40219.1
Project("{FAE04EC0-301F-11D3-BF4B-00C04F79EFBC}") = "TwoSums", "Easy\TwoSums\TwoSums.csproj", "{988AA122-E868-4281-9A50-634C54C55A72}"
EndProject
Project("{FAE04EC0-301F-11D3-BF4B-00C04F79EFBC}") = "Palindrome", "Easy\Palindrome\Palindrome.csproj", "{37FCDDE8-8A6F-4960-9F7A-57EE9E294846}"
EndProject
Project("{FAE04EC0-301F-11D3-BF4B-00C04F79EFBC}") = "RomanToInteger", "Easy\RomanToInteger\RomanToInteger.csproj", "{02B7E775-A614-463D-B101-DA3FA69B4B6F}"
EndProject
Project("{2150E333-8FDC-42A3-9474-1A3956D46DE8}") = "Easy", "Easy", "{A3AE5793-F3E9-46D9-ACA2-0E997F6B4D5A}"
EndProject
Project("{FAE04EC0-301F-11D3-BF4B-00C04F79EFBC}") = "LongestCommonPrefix", "Easy\LongestCommonPrefix\LongestCommonPrefix.csproj", "{62E65447-221C-43A7-824C-CC433C4D015D}"
EndProject
Project("{FAE04EC0-301F-11D3-BF4B-00C04F79EFBC}") = "ValidParentheses", "Easy\ValidParentheses\ValidParentheses.csproj", "{662A467A-3A44-4EE2-BC74-D1ADF3D648A5}"
EndProject
Project("{FAE04EC0-301F-11D3-BF4B-00C04F79EFBC}") = "MergeTwoSortedLists", "Easy\MergeTwoSortedLists\MergeTwoSortedLists.csproj", "{6BF7F69D-B1C9-4B49-A74A-63FB92325BB0}"
EndProject
Project("{2150E333-8FDC-42A3-9474-1A3956D46DE8}") = "Medium", "Medium", "{22360FD5-4B4B-489E-9500-FE45934FC69F}"
EndProject
Project("{FAE04EC0-301F-11D3-BF4B-00C04F79EFBC}") = "AddTwoNumbers", "Medium\AddTwoNumbers\AddTwoNumbers.csproj", "{702189C2-8FAE-49C1-A411-FD9DD8CEBB2C}"
EndProject
Global
	GlobalSection(SolutionConfigurationPlatforms) = preSolution
		Debug|Any CPU = Debug|Any CPU
		Release|Any CPU = Release|Any CPU
	EndGlobalSection
	GlobalSection(SolutionProperties) = preSolution
		HideSolutionNode = FALSE
	EndGlobalSection
	GlobalSection(ProjectConfigurationPlatforms) = postSolution
		{988AA122-E868-4281-9A50-634C54C55A72}.Debug|Any CPU.ActiveCfg = Debug|Any CPU
		{988AA122-E868-4281-9A50-634C54C55A72}.Debug|Any CPU.Build.0 = Debug|Any CPU
		{988AA122-E868-4281-9A50-634C54C55A72}.Release|Any CPU.ActiveCfg = Release|Any CPU
		{988AA122-E868-4281-9A50-634C54C55A72}.Release|Any CPU.Build.0 = Release|Any CPU
		{37FCDDE8-8A6F-4960-9F7A-57EE9E294846}.Debug|Any CPU.ActiveCfg = Debug|Any CPU
		{37FCDDE8-8A6F-4960-9F7A-57EE9E294846}.Debug|Any CPU.Build.0 = Debug|Any CPU
		{37FCDDE8-8A6F-4960-9F7A-57EE9E294846}.Release|Any CPU.ActiveCfg = Release|Any CPU
		{37FCDDE8-8A6F-4960-9F7A-57EE9E294846}.Release|Any CPU.Build.0 = Release|Any CPU
		{02B7E775-A614-463D-B101-DA3FA69B4B6F}.Debug|Any CPU.ActiveCfg = Debug|Any CPU
		{02B7E775-A614-463D-B101-DA3FA69B4B6F}.Debug|Any CPU.Build.0 = Debug|Any CPU
		{02B7E775-A614-463D-B101-DA3FA69B4B6F}.Release|Any CPU.ActiveCfg = Release|Any CPU
		{02B7E775-A614-463D-B101-DA3FA69B4B6F}.Release|Any CPU.Build.0 = Release|Any CPU
		{62E65447-221C-43A7-824C-CC433C4D015D}.Debug|Any CPU.ActiveCfg = Debug|Any CPU
		{62E65447-221C-43A7-824C-CC433C4D015D}.Debug|Any CPU.Build.0 = Debug|Any CPU
		{62E65447-221C-43A7-824C-CC433C4D015D}.Release|Any CPU.ActiveCfg = Release|Any CPU
		{62E65447-221C-43A7-824C-CC433C4D015D}.Release|Any CPU.Build.0 = Release|Any CPU
		{662A467A-3A44-4EE2-BC74-D1ADF3D648A5}.Debug|Any CPU.ActiveCfg = Debug|Any CPU
		{662A467A-3A44-4EE2-BC74-D1ADF3D648A5}.Debug|Any CPU.Build.0 = Debug|Any CPU
		{662A467A-3A44-4EE2-BC74-D1ADF3D648A5}.Release|Any CPU.ActiveCfg = Release|Any CPU
		{662A467A-3A44-4EE2-BC74-D1ADF3D648A5}.Release|Any CPU.Build.0 = Release|Any CPU
		{6BF7F69D-B1C9-4B49-A74A-63FB92325BB0}.Debug|Any CPU.ActiveCfg = Debug|Any CPU
		{6BF7F69D-B1C9-4B49-A74A-63FB92325BB0}.Debug|Any CPU.Build.0 = Debug|Any CPU
		{6BF7F69D-B1C9-4B49-A74A-63FB92325BB0}.Release|Any CPU.ActiveCfg = Release|Any CPU
		{6BF7F69D-B1C9-4B49-A74A-63FB92325BB0}.Release|Any CPU.Build.0 = Release|Any CPU
		{702189C2-8FAE-49C1-A411-FD9DD8CEBB2C}.Debug|Any CPU.ActiveCfg = Debug|Any CPU
		{702189C2-8FAE-49C1-A411-FD9DD8CEBB2C}.Debug|Any CPU.Build.0 = Debug|Any CPU
		{702189C2-8FAE-49C1-A411-FD9DD8CEBB2C}.Release|Any CPU.ActiveCfg = Release|Any CPU
		{702189C2-8FAE-49C1-A411-FD9DD8CEBB2C}.Release|Any CPU.Build.0 = Release|Any CPU
	EndGlobalSection
	GlobalSection(NestedProjects) = preSolution
		{62E65447-221C-43A7-824C-CC433C4D015D} = {A3AE5793-F3E9-46D9-ACA2-0E997F6B4D5A}
		{662A467A-3A44-4EE2-BC74-D1ADF3D648A5} = {A3AE5793-F3E9-46D9-ACA2-0E997F6B4D5A}
		{6BF7F69D-B1C9-4B49-A74A-63FB92325BB0} = {A3AE5793-F3E9-46D9-ACA2-0E997F6B4D5A}
		{702189C2-8FAE-49C1-A411-FD9DD8CEBB2C} = {22360FD5-4B4B-489E-9500-FE45934FC69F}
	EndGlobalSection
EndGlobal
